
Microsoft Visual Studio Solution File, Format Version 12.00
# Visual Studio Version 17
VisualStudioVersion = 17.3.32901.215
MinimumVisualStudioVersion = 10.0.40219.1
Project("{9A19103F-16F7-4668-BE54-9A1E7A4F7556}") = "Saladim.SalLogger", "Saladim.SalLogger\Saladim.SalLogger.csproj", "{D184DDA0-D2A7-4E42-8392-6FDD0E9EC501}"
EndProject
Project("{9A19103F-16F7-4668-BE54-9A1E7A4F7556}") = "Sample", "Sample\Sample.csproj", "{CDC597DF-9EBF-49D1-B94D-C5BC76E4844E}"
EndProject
Global
	GlobalSection(SolutionConfigurationPlatforms) = preSolution
		Debug|Any CPU = Debug|Any CPU
		Release|Any CPU = Release|Any CPU
	EndGlobalSection
	GlobalSection(ProjectConfigurationPlatforms) = postSolution
		{D184DDA0-D2A7-4E42-8392-6FDD0E9EC501}.Debug|Any CPU.ActiveCfg = Debug|Any CPU
		{D184DDA0-D2A7-4E42-8392-6FDD0E9EC501}.Debug|Any CPU.Build.0 = Debug|Any CPU
		{D184DDA0-D2A7-4E42-8392-6FDD0E9EC501}.Release|Any CPU.ActiveCfg = Release|Any CPU
		{D184DDA0-D2A7-4E42-8392-6FDD0E9EC501}.Release|Any CPU.Build.0 = Release|Any CPU
		{CDC597DF-9EBF-49D1-B94D-C5BC76E4844E}.Debug|Any CPU.ActiveCfg = Debug|Any CPU
		{CDC597DF-9EBF-49D1-B94D-C5BC76E4844E}.Debug|Any CPU.Build.0 = Debug|Any CPU
		{CDC597DF-9EBF-49D1-B94D-C5BC76E4844E}.Release|Any CPU.ActiveCfg = Release|Any CPU
		{CDC597DF-9EBF-49D1-B94D-C5BC76E4844E}.Release|Any CPU.Build.0 = Release|Any CPU
	EndGlobalSection
	GlobalSection(SolutionProperties) = preSolution
		HideSolutionNode = FALSE
	EndGlobalSection
	GlobalSection(ExtensibilityGlobals) = postSolution
		SolutionGuid = {432E2811-983D-47D7-A2D8-5CF3A909B684}
	EndGlobalSection
EndGlobal
